
Microsoft Visual Studio Solution File, Format Version 12.00
# Visual Studio Version 16
VisualStudioVersion = 16.0.29509.3
MinimumVisualStudioVersion = 10.0.40219.1
Project("{9A19103F-16F7-4668-BE54-9A1E7A4F7556}") = "Document.Analyzer.Api", "Document.Analyzer.Api\Document.Analyzer.Api.csproj", "{2B6951F2-B971-47DD-AE7A-B30CE01EFA0E}"
EndProject
Project("{9A19103F-16F7-4668-BE54-9A1E7A4F7556}") = "Document.Analyzer.Services", "Document.Analyzer.Services\Document.Analyzer.Services.csproj", "{7C5D8DB9-7D9F-483D-BDEC-7715AA351713}"
EndProject
Project("{E53339B2-1760-4266-BCC7-CA923CBCF16C}") = "docker-compose", "docker-compose.dcproj", "{4FAB8350-FA73-4BED-8F73-CFDAA2E22AF5}"
EndProject
Project("{2150E333-8FDC-42A3-9474-1A3956D46DE8}") = "SolutionItems", "SolutionItems", "{E908D7AE-9785-44E2-8560-6AF4685EC08C}"
	ProjectSection(SolutionItems) = preProject
		task-definition.json = task-definition.json
	EndProjectSection
EndProject
Global
	GlobalSection(SolutionConfigurationPlatforms) = preSolution
		Debug|Any CPU = Debug|Any CPU
		Release|Any CPU = Release|Any CPU
	EndGlobalSection
	GlobalSection(ProjectConfigurationPlatforms) = postSolution
		{2B6951F2-B971-47DD-AE7A-B30CE01EFA0E}.Debug|Any CPU.ActiveCfg = Debug|Any CPU
		{2B6951F2-B971-47DD-AE7A-B30CE01EFA0E}.Debug|Any CPU.Build.0 = Debug|Any CPU
		{2B6951F2-B971-47DD-AE7A-B30CE01EFA0E}.Release|Any CPU.ActiveCfg = Release|Any CPU
		{2B6951F2-B971-47DD-AE7A-B30CE01EFA0E}.Release|Any CPU.Build.0 = Release|Any CPU
		{7C5D8DB9-7D9F-483D-BDEC-7715AA351713}.Debug|Any CPU.ActiveCfg = Debug|Any CPU
		{7C5D8DB9-7D9F-483D-BDEC-7715AA351713}.Debug|Any CPU.Build.0 = Debug|Any CPU
		{7C5D8DB9-7D9F-483D-BDEC-7715AA351713}.Release|Any CPU.ActiveCfg = Release|Any CPU
		{7C5D8DB9-7D9F-483D-BDEC-7715AA351713}.Release|Any CPU.Build.0 = Release|Any CPU
		{4FAB8350-FA73-4BED-8F73-CFDAA2E22AF5}.Debug|Any CPU.ActiveCfg = Debug|Any CPU
		{4FAB8350-FA73-4BED-8F73-CFDAA2E22AF5}.Debug|Any CPU.Build.0 = Debug|Any CPU
		{4FAB8350-FA73-4BED-8F73-CFDAA2E22AF5}.Release|Any CPU.ActiveCfg = Release|Any CPU
		{4FAB8350-FA73-4BED-8F73-CFDAA2E22AF5}.Release|Any CPU.Build.0 = Release|Any CPU
	EndGlobalSection
	GlobalSection(SolutionProperties) = preSolution
		HideSolutionNode = FALSE
	EndGlobalSection
	GlobalSection(ExtensibilityGlobals) = postSolution
		SolutionGuid = {F7E71835-AF31-42AB-9A5B-B5AA3673B314}
	EndGlobalSection
EndGlobal
